<Solution>
  <Folder Name="/SolutionItems/">
    <File Path=".editorconfig" />
    <File Path=".gitignore" />
    <File Path="Directory.Build.props" />
    <File Path="Directory.Packages.props" />
    <File Path="global.json" />
    <File Path="README.md" />
  </Folder>
  <Folder Name="/src/">
    <Project Path="src/VsaTemplate.AppHost/VsaTemplate.AppHost.csproj" />
    <Project Path="src/VsaTemplate.ServiceDefaults/VsaTemplate.ServiceDefaults.csproj" />
    <Project Path="src/VsaTemplate.Shared/VsaTemplate.Shared.csproj" />
    <Project Path="src/VsaTemplate/VsaTemplate.csproj" />
  </Folder>
  <Folder Name="/tests/">
    <Project Path="tests/VsaTemplate.FunctionalTests/VsaTemplate.FunctionalTests.csproj" />
    <Project Path="tests/VsaTemplate.TestAppHost/VsaTemplate.TestAppHost.csproj" />
    <!--#if (AddTemplateTests)-->
    <Project Path="tests/VsaTemplate.TemplateTests/VsaTemplate.TemplateTests.csproj" />
    <!--#endif-->
    <Project Path="tests/VsaTemplate.UnitTests/VsaTemplate.UnitTests.csproj">
      <Platform Project="x64" />
    </Project>
  </Folder>
</Solution>
